
Microsoft Visual Studio Solution File, Format Version 11.00
# Visual C# Express 2010
Project("{FAE04EC0-301F-11D3-BF4B-00C04F79EFBC}") = "WindowsGame1", "WindowsGame1\WindowsGame1\WindowsGame1.csproj", "{4B7F6A28-3B9F-4221-9864-7142A929F85A}"
EndProject
Project("{96E2B04D-8817-42C6-938A-82C39BA4D311}") = "WindowsGame1Content", "WindowsGame1\WindowsGame1Content\WindowsGame1Content.contentproj", "{F9AC3161-A1A3-4BB6-B214-4E137AE70BE7}"
EndProject
Global
	GlobalSection(SolutionConfigurationPlatforms) = preSolution
		Debug|x86 = Debug|x86
		Release|x86 = Release|x86
	EndGlobalSection
	GlobalSection(ProjectConfigurationPlatforms) = postSolution
		{4B7F6A28-3B9F-4221-9864-7142A929F85A}.Debug|x86.ActiveCfg = Debug|x86
		{4B7F6A28-3B9F-4221-9864-7142A929F85A}.Debug|x86.Build.0 = Debug|x86
		{4B7F6A28-3B9F-4221-9864-7142A929F85A}.Release|x86.ActiveCfg = Release|x86
		{4B7F6A28-3B9F-4221-9864-7142A929F85A}.Release|x86.Build.0 = Release|x86
		{F9AC3161-A1A3-4BB6-B214-4E137AE70BE7}.Debug|x86.ActiveCfg = Debug|x86
		{F9AC3161-A1A3-4BB6-B214-4E137AE70BE7}.Release|x86.ActiveCfg = Release|x86
	EndGlobalSection
	GlobalSection(SolutionProperties) = preSolution
		HideSolutionNode = FALSE
	EndGlobalSection
EndGlobal
